// !$*UTF8*$!
{
	archiveVersion = 1;
	classes = {
	};
	objectVersion = 50;
	objects = {

/* Begin PBXBuildFile section */
		F6F6B045216124410083BFAA /* AppDelegate.swift in Sources */ = {isa = PBXBuildFile; fileRef = F6F6B044216124410083BFAA /* AppDelegate.swift */; };
		F6F6B04A216124410083BFAA /* Main.storyboard in Resources */ = {isa = PBXBuildFile; fileRef = F6F6B048216124410083BFAA /* Main.storyboard */; };
		F6F6B04C216124410083BFAA /* Assets.xcassets in Resources */ = {isa = PBXBuildFile; fileRef = F6F6B04B216124410083BFAA /* Assets.xcassets */; };
		F6F6B04F216124410083BFAA /* LaunchScreen.storyboard in Resources */ = {isa = PBXBuildFile; fileRef = F6F6B04D216124410083BFAA /* LaunchScreen.storyboard */; };
		F6F6B0582161254C0083BFAA /* iTunesStoreEndpoint.swift in Sources */ = {isa = PBXBuildFile; fileRef = F6F6B0572161254C0083BFAA /* iTunesStoreEndpoint.swift */; };
		F6F6B05A216129730083BFAA /* NetworkHandler.swift in Sources */ = {isa = PBXBuildFile; fileRef = F6F6B059216129730083BFAA /* NetworkHandler.swift */; };
		F6F6B05C21612A890083BFAA /* App.swift in Sources */ = {isa = PBXBuildFile; fileRef = F6F6B05B21612A890083BFAA /* App.swift */; };
		F6F6B060216130110083BFAA /* AppStoreClient.swift in Sources */ = {isa = PBXBuildFile; fileRef = F6F6B05F216130110083BFAA /* AppStoreClient.swift */; };
/* End PBXBuildFile section */

/* Begin PBXFileReference section */
		F6F6B041216124410083BFAA /* iTunes Search App.app */ = {isa = PBXFileReference; explicitFileType = wrapper.application; includeInIndex = 0; path = "iTunes Search App.app"; sourceTree = BUILT_PRODUCTS_DIR; };
		F6F6B044216124410083BFAA /* AppDelegate.swift */ = {isa = PBXFileReference; lastKnownFileType = sourcecode.swift; path = AppDelegate.swift; sourceTree = "<group>"; };
		F6F6B049216124410083BFAA /* Base */ = {isa = PBXFileReference; lastKnownFileType = file.storyboard; name = Base; path = Base.lproj/Main.storyboard; sourceTree = "<group>"; };
		F6F6B04B216124410083BFAA /* Assets.xcassets */ = {isa = PBXFileReference; lastKnownFileType = folder.assetcatalog; path = Assets.xcassets; sourceTree = "<group>"; };
		F6F6B04E216124410083BFAA /* Base */ = {isa = PBXFileReference; lastKnownFileType = file.storyboard; name = Base; path = Base.lproj/LaunchScreen.storyboard; sourceTree = "<group>"; };
		F6F6B050216124410083BFAA /* Info.plist */ = {isa = PBXFileReference; lastKnownFileType = text.plist.xml; path = Info.plist; sourceTree = "<group>"; };
		F6F6B0572161254C0083BFAA /* iTunesStoreEndpoint.swift */ = {isa = PBXFileReference; lastKnownFileType = sourcecode.swift; path = iTunesStoreEndpoint.swift; sourceTree = "<group>"; };
		F6F6B059216129730083BFAA /* NetworkHandler.swift */ = {isa = PBXFileReference; lastKnownFileType = sourcecode.swift; path = NetworkHandler.swift; sourceTree = "<group>"; };
		F6F6B05B21612A890083BFAA /* App.swift */ = {isa = PBXFileReference; lastKnownFileType = sourcecode.swift; path = App.swift; sourceTree = "<group>"; };
		F6F6B05F216130110083BFAA /* AppStoreClient.swift */ = {isa = PBXFileReference; lastKnownFileType = sourcecode.swift; path = AppStoreClient.swift; sourceTree = "<group>"; };
/* End PBXFileReference section */

/* Begin PBXFrameworksBuildPhase section */
		F6F6B03E216124410083BFAA /* Frameworks */ = {
			isa = PBXFrameworksBuildPhase;
			buildActionMask = 2147483647;
			files = (
			);
			runOnlyForDeploymentPostprocessing = 0;
		};
/* End PBXFrameworksBuildPhase section */

/* Begin PBXGroup section */
		F6F6B038216124410083BFAA = {
			isa = PBXGroup;
			children = (
				F6F6B043216124410083BFAA /* iTunes Search App */,
				F6F6B042216124410083BFAA /* Products */,
			);
			sourceTree = "<group>";
		};
		F6F6B042216124410083BFAA /* Products */ = {
			isa = PBXGroup;
			children = (
				F6F6B041216124410083BFAA /* iTunes Search App.app */,
			);
			name = Products;
			sourceTree = "<group>";
		};
		F6F6B043216124410083BFAA /* iTunes Search App */ = {
			isa = PBXGroup;
			children = (
				F6F6B056216124890083BFAA /* Model */,
				F6F6B044216124410083BFAA /* AppDelegate.swift */,
				F6F6B064216132190083BFAA /* Views */,
				F6F6B04B216124410083BFAA /* Assets.xcassets */,
				F6F6B050216124410083BFAA /* Info.plist */,
			);
			path = "iTunes Search App";
			sourceTree = "<group>";
		};
		F6F6B056216124890083BFAA /* Model */ = {
			isa = PBXGroup;
			children = (
				F6F6B0572161254C0083BFAA /* iTunesStoreEndpoint.swift */,
				F6F6B059216129730083BFAA /* NetworkHandler.swift */,
				F6F6B05B21612A890083BFAA /* App.swift */,
				F6F6B05F216130110083BFAA /* AppStoreClient.swift */,
			);
			path = Model;
			sourceTree = "<group>";
		};
		F6F6B064216132190083BFAA /* Views */ = {
			isa = PBXGroup;
			children = (
				F6F6B04D216124410083BFAA /* LaunchScreen.storyboard */,
				F6F6B048216124410083BFAA /* Main.storyboard */,
			);
			path = Views;
			sourceTree = "<group>";
		};
/* End PBXGroup section */

/* Begin PBXNativeTarget section */
		F6F6B040216124410083BFAA /* iTunes Search App */ = {
			isa = PBXNativeTarget;
			buildConfigurationList = F6F6B053216124410083BFAA /* Build configuration list for PBXNativeTarget "iTunes Search App" */;
			buildPhases = (
				F6F6B03D216124410083BFAA /* Sources */,
				F6F6B03E216124410083BFAA /* Frameworks */,
				F6F6B03F216124410083BFAA /* Resources */,
			);
			buildRules = (
			);
			dependencies = (
			);
			name = "iTunes Search App";
			productName = "iTunes Search App";
			productReference = F6F6B041216124410083BFAA /* iTunes Search App.app */;
			productType = "com.apple.product-type.application";
		};
/* End PBXNativeTarget section */

/* Begin PBXProject section */
		F6F6B039216124410083BFAA /* Project object */ = {
			isa = PBXProject;
			attributes = {
				LastSwiftUpdateCheck = 0940;
				LastUpgradeCheck = 0940;
				ORGANIZATIONNAME = "Dhanuka Perera";
				TargetAttributes = {
					F6F6B040216124410083BFAA = {
						CreatedOnToolsVersion = 9.4.1;
					};
				};
			};
			buildConfigurationList = F6F6B03C216124410083BFAA /* Build configuration list for PBXProject "iTunes Search App" */;
			compatibilityVersion = "Xcode 9.3";
			developmentRegion = en;
			hasScannedForEncodings = 0;
			knownRegions = (
				en,
				Base,
			);
			mainGroup = F6F6B038216124410083BFAA;
			productRefGroup = F6F6B042216124410083BFAA /* Products */;
			projectDirPath = "";
			projectRoot = "";
			targets = (
				F6F6B040216124410083BFAA /* iTunes Search App */,
			);
		};
/* End PBXProject section */

/* Begin PBXResourcesBuildPhase section */
		F6F6B03F216124410083BFAA /* Resources */ = {
			isa = PBXResourcesBuildPhase;
			buildActionMask = 2147483647;
			files = (
				F6F6B04F216124410083BFAA /* LaunchScreen.storyboard in Resources */,
				F6F6B04C216124410083BFAA /* Assets.xcassets in Resources */,
				F6F6B04A216124410083BFAA /* Main.storyboard in Resources */,
			);
			runOnlyForDeploymentPostprocessing = 0;
		};
/* End PBXResourcesBuildPhase section */

/* Begin PBXSourcesBuildPhase section */
		F6F6B03D216124410083BFAA /* Sources */ = {
			isa = PBXSourcesBuildPhase;
			buildActionMask = 2147483647;
			files = (
				F6F6B060216130110083BFAA /* AppStoreClient.swift in Sources */,
				F6F6B0582161254C0083BFAA /* iTunesStoreEndpoint.swift in Sources */,
				F6F6B045216124410083BFAA /* AppDelegate.swift in Sources */,
				F6F6B05C21612A890083BFAA /* App.swift in Sources */,
				F6F6B05A216129730083BFAA /* NetworkHandler.swift in Sources */,
			);
			runOnlyForDeploymentPostprocessing = 0;
		};
/* End PBXSourcesBuildPhase section */

/* Begin PBXVariantGroup section */
		F6F6B048216124410083BFAA /* Main.storyboard */ = {
			isa = PBXVariantGroup;
			children = (
				F6F6B049216124410083BFAA /* Base */,
			);
			name = Main.storyboard;
			sourceTree = "<group>";
		};
		F6F6B04D216124410083BFAA /* LaunchScreen.storyboard */ = {
			isa = PBXVariantGroup;
			children = (
				F6F6B04E216124410083BFAA /* Base */,
			);
			name = LaunchScreen.storyboard;
			sourceTree = "<group>";
		};
/* End PBXVariantGroup section */

/* Begin XCBuildConfiguration section */
		F6F6B051216124410083BFAA /* Debug */ = {
			isa = XCBuildConfiguration;
			buildSettings = {
				ALWAYS_SEARCH_USER_PATHS = NO;
				CLANG_ANALYZER_NONNULL = YES;
				CLANG_ANALYZER_NUMBER_OBJECT_CONVERSION = YES_AGGRESSIVE;
				CLANG_CXX_LANGUAGE_STANDARD = "gnu++14";
				CLANG_CXX_LIBRARY = "libc++";
				CLANG_ENABLE_MODULES = YES;
				CLANG_ENABLE_OBJC_ARC = YES;
				CLANG_ENABLE_OBJC_WEAK = YES;
				CLANG_WARN_BLOCK_CAPTURE_AUTORELEASING = YES;
				CLANG_WARN_BOOL_CONVERSION = YES;
				CLANG_WARN_COMMA = YES;
				CLANG_WARN_CONSTANT_CONVERSION = YES;
				CLANG_WARN_DEPRECATED_OBJC_IMPLEMENTATIONS = YES;
				CLANG_WARN_DIRECT_OBJC_ISA_USAGE = YES_ERROR;
				CLANG_WARN_DOCUMENTATION_COMMENTS = YES;
				CLANG_WARN_EMPTY_BODY = YES;
				CLANG_WARN_ENUM_CONVERSION = YES;
				CLANG_WARN_INFINITE_RECURSION = YES;
				CLANG_WARN_INT_CONVERSION = YES;
				CLANG_WARN_NON_LITERAL_NULL_CONVERSION = YES;
				CLANG_WARN_OBJC_IMPLICIT_RETAIN_SELF = YES;
				CLANG_WARN_OBJC_LITERAL_CONVERSION = YES;
				CLANG_WARN_OBJC_ROOT_CLASS = YES_ERROR;
				CLANG_WARN_RANGE_LOOP_ANALYSIS = YES;
				CLANG_WARN_STRICT_PROTOTYPES = YES;
				CLANG_WARN_SUSPICIOUS_MOVE = YES;
				CLANG_WARN_UNGUARDED_AVAILABILITY = YES_AGGRESSIVE;
				CLANG_WARN_UNREACHABLE_CODE = YES;
				CLANG_WARN__DUPLICATE_METHOD_MATCH = YES;
				CODE_SIGN_IDENTITY = "iPhone Developer";
				COPY_PHASE_STRIP = NO;
				DEBUG_INFORMATION_FORMAT = dwarf;
				ENABLE_STRICT_OBJC_MSGSEND = YES;
				ENABLE_TESTABILITY = YES;
				GCC_C_LANGUAGE_STANDARD = gnu11;
				GCC_DYNAMIC_NO_PIC = NO;
				GCC_NO_COMMON_BLOCKS = YES;
				GCC_OPTIMIZATION_LEVEL = 0;
				GCC_PREPROCESSOR_DEFINITIONS = (
					"DEBUG=1",
					"$(inherited)",
				);
				GCC_WARN_64_TO_32_BIT_CONVERSION = YES;
				GCC_WARN_ABOUT_RETURN_TYPE = YES_ERROR;
				GCC_WARN_UNDECLARED_SELECTOR = YES;
				GCC_WARN_UNINITIALIZED_AUTOS = YES_AGGRESSIVE;
				GCC_WARN_UNUSED_FUNCTION = YES;
				GCC_WARN_UNUSED_VARIABLE = YES;
				IPHONEOS_DEPLOYMENT_TARGET = 11.4;
				MTL_ENABLE_DEBUG_INFO = YES;
				ONLY_ACTIVE_ARCH = YES;
				SDKROOT = iphoneos;
				SWIFT_ACTIVE_COMPILATION_CONDITIONS = DEBUG;
				SWIFT_OPTIMIZATION_LEVEL = "-Onone";
			};
			name = Debug;
		};
		F6F6B052216124410083BFAA /* Release */ = {
			isa = XCBuildConfiguration;
			buildSettings = {
				ALWAYS_SEARCH_USER_PATHS = NO;
				CLANG_ANALYZER_NONNULL = YES;
				CLANG_ANALYZER_NUMBER_OBJECT_CONVERSION = YES_AGGRESSIVE;
				CLANG_CXX_LANGUAGE_STANDARD = "gnu++14";
				CLANG_CXX_LIBRARY = "libc++";
				CLANG_ENABLE_MODULES = YES;
				CLANG_ENABLE_OBJC_ARC = YES;
				CLANG_ENABLE_OBJC_WEAK = YES;
				CLANG_WARN_BLOCK_CAPTURE_AUTORELEASING = YES;
				CLANG_WARN_BOOL_CONVERSION = YES;
				CLANG_WARN_COMMA = YES;
				CLANG_WARN_CONSTANT_CONVERSION = YES;
				CLANG_WARN_DEPRECATED_OBJC_IMPLEMENTATIONS = YES;
				CLANG_WARN_DIRECT_OBJC_ISA_USAGE = YES_ERROR;
				CLANG_WARN_DOCUMENTATION_COMMENTS = YES;
				CLANG_WARN_EMPTY_BODY = YES;
				CLANG_WARN_ENUM_CONVERSION = YES;
				CLANG_WARN_INFINITE_RECURSION = YES;
				CLANG_WARN_INT_CONVERSION = YES;
				CLANG_WARN_NON_LITERAL_NULL_CONVERSION = YES;
				CLANG_WARN_OBJC_IMPLICIT_RETAIN_SELF = YES;
				CLANG_WARN_OBJC_LITERAL_CONVERSION = YES;
				CLANG_WARN_OBJC_ROOT_CLASS = YES_ERROR;
				CLANG_WARN_RANGE_LOOP_ANALYSIS = YES;
				CLANG_WARN_STRICT_PROTOTYPES = YES;
				CLANG_WARN_SUSPICIOUS_MOVE = YES;
				CLANG_WARN_UNGUARDED_AVAILABILITY = YES_AGGRESSIVE;
				CLANG_WARN_UNREACHABLE_CODE = YES;
				CLANG_WARN__DUPLICATE_METHOD_MATCH = YES;
				CODE_SIGN_IDENTITY = "iPhone Developer";
				COPY_PHASE_STRIP = NO;
				DEBUG_INFORMATION_FORMAT = "dwarf-with-dsym";
				ENABLE_NS_ASSERTIONS = NO;
				ENABLE_STRICT_OBJC_MSGSEND = YES;
				GCC_C_LANGUAGE_STANDARD = gnu11;
				GCC_NO_COMMON_BLOCKS = YES;
				GCC_WARN_64_TO_32_BIT_CONVERSION = YES;
				GCC_WARN_ABOUT_RETURN_TYPE = YES_ERROR;
				GCC_WARN_UNDECLARED_SELECTOR = YES;
				GCC_WARN_UNINITIALIZED_AUTOS = YES_AGGRESSIVE;
				GCC_WARN_UNUSED_FUNCTION = YES;
				GCC_WARN_UNUSED_VARIABLE = YES;
				IPHONEOS_DEPLOYMENT_TARGET = 11.4;
				MTL_ENABLE_DEBUG_INFO = NO;
				SDKROOT = iphoneos;
				SWIFT_COMPILATION_MODE = wholemodule;
				SWIFT_OPTIMIZATION_LEVEL = "-O";
				VALIDATE_PRODUCT = YES;
			};
			name = Release;
		};
		F6F6B054216124410083BFAA /* Debug */ = {
			isa = XCBuildConfiguration;
			buildSettings = {
				ASSETCATALOG_COMPILER_APPICON_NAME = AppIcon;
				CODE_SIGN_STYLE = Automatic;
				DEVELOPMENT_TEAM = FUVMRBRBT9;
				INFOPLIST_FILE = "iTunes Search App/Info.plist";
				IPHONEOS_DEPLOYMENT_TARGET = 11.0;
				LD_RUNPATH_SEARCH_PATHS = (
					"$(inherited)",
					"@executable_path/Frameworks",
				);
				PRODUCT_BUNDLE_IDENTIFIER = "com.sliit.madd.iTunes-Search-App";
				PRODUCT_NAME = "$(TARGET_NAME)";
				SWIFT_VERSION = 4.0;
				TARGETED_DEVICE_FAMILY = 1;
			};
			name = Debug;
		};
		F6F6B055216124410083BFAA /* Release */ = {
			isa = XCBuildConfiguration;
			buildSettings = {
				ASSETCATALOG_COMPILER_APPICON_NAME = AppIcon;
				CODE_SIGN_STYLE = Automatic;
				DEVELOPMENT_TEAM = FUVMRBRBT9;
				INFOPLIST_FILE = "iTunes Search App/Info.plist";
				IPHONEOS_DEPLOYMENT_TARGET = 11.0;
				LD_RUNPATH_SEARCH_PATHS = (
					"$(inherited)",
					"@executable_path/Frameworks",
				);
				PRODUCT_BUNDLE_IDENTIFIER = "com.sliit.madd.iTunes-Search-App";
				PRODUCT_NAME = "$(TARGET_NAME)";
				SWIFT_VERSION = 4.0;
				TARGETED_DEVICE_FAMILY = 1;
			};
			name = Release;
		};
/* End XCBuildConfiguration section */

/* Begin XCConfigurationList section */
		F6F6B03C216124410083BFAA /* Build configuration list for PBXProject "iTunes Search App" */ = {
			isa = XCConfigurationList;
			buildConfigurations = (
				F6F6B051216124410083BFAA /* Debug */,
				F6F6B052216124410083BFAA /* Release */,
			);
			defaultConfigurationIsVisible = 0;
			defaultConfigurationName = Release;
		};
		F6F6B053216124410083BFAA /* Build configuration list for PBXNativeTarget "iTunes Search App" */ = {
			isa = XCConfigurationList;
			buildConfigurations = (
				F6F6B054216124410083BFAA /* Debug */,
				F6F6B055216124410083BFAA /* Release */,
			);
			defaultConfigurationIsVisible = 0;
			defaultConfigurationName = Release;
		};
/* End XCConfigurationList section */
	};
	rootObject = F6F6B039216124410083BFAA /* Project object */;
}
